
Microsoft Visual Studio Solution File, Format Version 12.00
# Visual Studio Version 16
VisualStudioVersion = 16.0.32228.343
MinimumVisualStudioVersion = 10.0.40219.1
Project("{2150E333-8FDC-42A3-9474-1A3956D46DE8}") = "Applications", "Applications", "{19D0A275-D1C6-466B-B04E-702DB849C3DB}"
EndProject
Project("{2150E333-8FDC-42A3-9474-1A3956D46DE8}") = "Libraries", "Libraries", "{B1A8A791-8F19-4CD0-874F-F1C2B4EA4F9E}"
EndProject
Project("{FAE04EC0-301F-11D3-BF4B-00C04F79EFBC}") = "SV18T1021230.Web", "..\SV18T1021230.Web\SV18T1021230.Web.csproj", "{15F86D56-9090-4B90-A4E6-C4F75162B405}"
EndProject
Project("{FAE04EC0-301F-11D3-BF4B-00C04F79EFBC}") = "SV18T1021230.DomainModel", "..\SV18T1021230.DomainModel\SV18T1021230.DomainModel.csproj", "{DA197602-BFCA-4F2C-8C9E-C780C31AA5D4}"
EndProject
Project("{FAE04EC0-301F-11D3-BF4B-00C04F79EFBC}") = "SV18T1021230.DataLayer", "..\SV18T1021230.DataLayer\SV18T1021230.DataLayer.csproj", "{63D0C0F1-1A3A-48FC-A4F4-3563A22D8F2C}"
EndProject
Project("{FAE04EC0-301F-11D3-BF4B-00C04F79EFBC}") = "SV18T1021230.BusinessLayer", "..\SV18T1021230.BusinessLayer\SV18T1021230.BusinessLayer.csproj", "{32BB11B2-4CDD-4B84-BEB0-14BD6AD3781D}"
EndProject
Global
	GlobalSection(SolutionConfigurationPlatforms) = preSolution
		Debug|Any CPU = Debug|Any CPU
		Release|Any CPU = Release|Any CPU
	EndGlobalSection
	GlobalSection(ProjectConfigurationPlatforms) = postSolution
		{15F86D56-9090-4B90-A4E6-C4F75162B405}.Debug|Any CPU.ActiveCfg = Debug|Any CPU
		{15F86D56-9090-4B90-A4E6-C4F75162B405}.Debug|Any CPU.Build.0 = Debug|Any CPU
		{15F86D56-9090-4B90-A4E6-C4F75162B405}.Release|Any CPU.ActiveCfg = Release|Any CPU
		{15F86D56-9090-4B90-A4E6-C4F75162B405}.Release|Any CPU.Build.0 = Release|Any CPU
		{DA197602-BFCA-4F2C-8C9E-C780C31AA5D4}.Debug|Any CPU.ActiveCfg = Debug|Any CPU
		{DA197602-BFCA-4F2C-8C9E-C780C31AA5D4}.Debug|Any CPU.Build.0 = Debug|Any CPU
		{DA197602-BFCA-4F2C-8C9E-C780C31AA5D4}.Release|Any CPU.ActiveCfg = Release|Any CPU
		{DA197602-BFCA-4F2C-8C9E-C780C31AA5D4}.Release|Any CPU.Build.0 = Release|Any CPU
		{63D0C0F1-1A3A-48FC-A4F4-3563A22D8F2C}.Debug|Any CPU.ActiveCfg = Debug|Any CPU
		{63D0C0F1-1A3A-48FC-A4F4-3563A22D8F2C}.Debug|Any CPU.Build.0 = Debug|Any CPU
		{63D0C0F1-1A3A-48FC-A4F4-3563A22D8F2C}.Release|Any CPU.ActiveCfg = Release|Any CPU
		{63D0C0F1-1A3A-48FC-A4F4-3563A22D8F2C}.Release|Any CPU.Build.0 = Release|Any CPU
		{32BB11B2-4CDD-4B84-BEB0-14BD6AD3781D}.Debug|Any CPU.ActiveCfg = Debug|Any CPU
		{32BB11B2-4CDD-4B84-BEB0-14BD6AD3781D}.Debug|Any CPU.Build.0 = Debug|Any CPU
		{32BB11B2-4CDD-4B84-BEB0-14BD6AD3781D}.Release|Any CPU.ActiveCfg = Release|Any CPU
		{32BB11B2-4CDD-4B84-BEB0-14BD6AD3781D}.Release|Any CPU.Build.0 = Release|Any CPU
	EndGlobalSection
	GlobalSection(SolutionProperties) = preSolution
		HideSolutionNode = FALSE
	EndGlobalSection
	GlobalSection(NestedProjects) = preSolution
		{15F86D56-9090-4B90-A4E6-C4F75162B405} = {19D0A275-D1C6-466B-B04E-702DB849C3DB}
		{DA197602-BFCA-4F2C-8C9E-C780C31AA5D4} = {B1A8A791-8F19-4CD0-874F-F1C2B4EA4F9E}
		{63D0C0F1-1A3A-48FC-A4F4-3563A22D8F2C} = {B1A8A791-8F19-4CD0-874F-F1C2B4EA4F9E}
		{32BB11B2-4CDD-4B84-BEB0-14BD6AD3781D} = {B1A8A791-8F19-4CD0-874F-F1C2B4EA4F9E}
	EndGlobalSection
	GlobalSection(ExtensibilityGlobals) = postSolution
		SolutionGuid = {A64A778F-5BE9-4EDF-B6B8-9635AF691147}
	EndGlobalSection
EndGlobal
